
Microsoft Visual Studio Solution File, Format Version 12.00
# Visual Studio 15
VisualStudioVersion = 15.0.28307.271
MinimumVisualStudioVersion = 10.0.40219.1
Project("{FAE04EC0-301F-11D3-BF4B-00C04F79EFBC}") = "SeleniumPoC3", "SeleniumPoC3\SeleniumPoC3.csproj", "{AA32D70C-F829-48BE-A0D1-F6F58454F86A}"
EndProject
Global
	GlobalSection(SolutionConfigurationPlatforms) = preSolution
		Debug|Any CPU = Debug|Any CPU
		Release|Any CPU = Release|Any CPU
	EndGlobalSection
	GlobalSection(ProjectConfigurationPlatforms) = postSolution
		{AA32D70C-F829-48BE-A0D1-F6F58454F86A}.Debug|Any CPU.ActiveCfg = Debug|Any CPU
		{AA32D70C-F829-48BE-A0D1-F6F58454F86A}.Debug|Any CPU.Build.0 = Debug|Any CPU
		{AA32D70C-F829-48BE-A0D1-F6F58454F86A}.Release|Any CPU.ActiveCfg = Release|Any CPU
		{AA32D70C-F829-48BE-A0D1-F6F58454F86A}.Release|Any CPU.Build.0 = Release|Any CPU
	EndGlobalSection
	GlobalSection(SolutionProperties) = preSolution
		HideSolutionNode = FALSE
	EndGlobalSection
	GlobalSection(ExtensibilityGlobals) = postSolution
		SolutionGuid = {69F79E1F-0DE4-431A-9F1C-BF7FBA18FFE7}
	EndGlobalSection
EndGlobal
